// !$*UTF8*$!
{
	archiveVersion = 1;
	classes = {
	};
	objectVersion = 50;
	objects = {

/* Begin PBXBuildFile section */
		3D044A4D265A0F6F0022E1AC /* CircleImage.swift in Sources */ = {isa = PBXBuildFile; fileRef = 3D044A4C265A0F6F0022E1AC /* CircleImage.swift */; };
		3D044A52265A24070022E1AC /* MapView.swift in Sources */ = {isa = PBXBuildFile; fileRef = 3D044A51265A24070022E1AC /* MapView.swift */; };
		3D044A57265A2B110022E1AC /* landmarkData.json in Resources */ = {isa = PBXBuildFile; fileRef = 3D044A56265A2B110022E1AC /* landmarkData.json */; };
		3D044A64265A2DF20022E1AC /* README.md in Resources */ = {isa = PBXBuildFile; fileRef = 3D044A63265A2DF20022E1AC /* README.md */; };
		3D044A6B265A43A30022E1AC /* Landmark.swift in Sources */ = {isa = PBXBuildFile; fileRef = 3D044A6A265A43A30022E1AC /* Landmark.swift */; };
		3D2C96E82660BE5500BB3B08 /* HexagonParameters.swift in Sources */ = {isa = PBXBuildFile; fileRef = 3D2C96E72660BE5500BB3B08 /* HexagonParameters.swift */; };
		3D2C96ED2660BF5600BB3B08 /* BadgeBackground.swift in Sources */ = {isa = PBXBuildFile; fileRef = 3D2C96EC2660BF5600BB3B08 /* BadgeBackground.swift */; };
		3D2C96F22661125700BB3B08 /* CustomHeaderView.swift in Sources */ = {isa = PBXBuildFile; fileRef = 3D2C96F12661125700BB3B08 /* CustomHeaderView.swift */; };
		3D2DD2DF265A513E00A3E668 /* LandmarkRow.swift in Sources */ = {isa = PBXBuildFile; fileRef = 3D2DD2DE265A513E00A3E668 /* LandmarkRow.swift */; };
		3D2DD2ED265A573B00A3E668 /* CombinedView.swift in Sources */ = {isa = PBXBuildFile; fileRef = 3D2DD2EC265A573B00A3E668 /* CombinedView.swift */; };
		3D2DD2F2265A592700A3E668 /* LandMarkList.swift in Sources */ = {isa = PBXBuildFile; fileRef = 3D2DD2F1265A592700A3E668 /* LandMarkList.swift */; };
		3D2DD2F7265A5B3600A3E668 /* LandmarkDetail.swift in Sources */ = {isa = PBXBuildFile; fileRef = 3D2DD2F6265A5B3600A3E668 /* LandmarkDetail.swift */; };
		3D8DD90B2658C91A0037DCFB /* LearnSwiftUIApp.swift in Sources */ = {isa = PBXBuildFile; fileRef = 3D8DD90A2658C91A0037DCFB /* LearnSwiftUIApp.swift */; };
		3D8DD90D2658C91A0037DCFB /* ContentView.swift in Sources */ = {isa = PBXBuildFile; fileRef = 3D8DD90C2658C91A0037DCFB /* ContentView.swift */; };
		3D8DD90F2658C91B0037DCFB /* Assets.xcassets in Resources */ = {isa = PBXBuildFile; fileRef = 3D8DD90E2658C91B0037DCFB /* Assets.xcassets */; };
		3D8DD9122658C91B0037DCFB /* Preview Assets.xcassets in Resources */ = {isa = PBXBuildFile; fileRef = 3D8DD9112658C91B0037DCFB /* Preview Assets.xcassets */; };
		3D8DD9142658C91B0037DCFB /* Persistence.swift in Sources */ = {isa = PBXBuildFile; fileRef = 3D8DD9132658C91B0037DCFB /* Persistence.swift */; };
		3D8DD9172658C91B0037DCFB /* LearnSwiftUI.xcdatamodeld in Sources */ = {isa = PBXBuildFile; fileRef = 3D8DD9152658C91B0037DCFB /* LearnSwiftUI.xcdatamodeld */; };
		3D8DD9222658C91C0037DCFB /* LearnSwiftUITests.swift in Sources */ = {isa = PBXBuildFile; fileRef = 3D8DD9212658C91C0037DCFB /* LearnSwiftUITests.swift */; };
		3D8DD92D2658C91C0037DCFB /* LearnSwiftUIUITests.swift in Sources */ = {isa = PBXBuildFile; fileRef = 3D8DD92C2658C91C0037DCFB /* LearnSwiftUIUITests.swift */; };
		3D8DD93F2658C9A90037DCFB /* Item+CoreDataClass.swift in Sources */ = {isa = PBXBuildFile; fileRef = 3D8DD93D2658C9A90037DCFB /* Item+CoreDataClass.swift */; };
		3D8DD9402658C9A90037DCFB /* Item+CoreDataProperties.swift in Sources */ = {isa = PBXBuildFile; fileRef = 3D8DD93E2658C9A90037DCFB /* Item+CoreDataProperties.swift */; };
		3D90C42D265DF02F00667677 /* FavoriteButton.swift in Sources */ = {isa = PBXBuildFile; fileRef = 3D90C42C265DF02F00667677 /* FavoriteButton.swift */; };
		3D98073426709D9200064C91 /* SAPLogo.swift in Sources */ = {isa = PBXBuildFile; fileRef = 3D98073326709D9200064C91 /* SAPLogo.swift */; };
		3DAE0E8A267E3C7D00EB9176 /* SAP_Logo.gif in Resources */ = {isa = PBXBuildFile; fileRef = 3DAE0E87267E3C7D00EB9176 /* SAP_Logo.gif */; };
		3DAE0E8B267E3C7D00EB9176 /* circle_loading.gif in Resources */ = {isa = PBXBuildFile; fileRef = 3DAE0E88267E3C7D00EB9176 /* circle_loading.gif */; };
		3DAE0E8C267E3C7D00EB9176 /* circle_wave_animation.gif in Resources */ = {isa = PBXBuildFile; fileRef = 3DAE0E89267E3C7D00EB9176 /* circle_wave_animation.gif */; };
		3DF593B9267502A6001729A3 /* CircleLoadingAnimation.swift in Sources */ = {isa = PBXBuildFile; fileRef = 3DF593B8267502A6001729A3 /* CircleLoadingAnimation.swift */; };
		3DF593BE267507A6001729A3 /* CircleWaveAnimation.swift in Sources */ = {isa = PBXBuildFile; fileRef = 3DF593BD267507A6001729A3 /* CircleWaveAnimation.swift */; };
		3DF593C326751CA2001729A3 /* CatalogHome.swift in Sources */ = {isa = PBXBuildFile; fileRef = 3DF593C226751CA2001729A3 /* CatalogHome.swift */; };
/* End PBXBuildFile section */

/* Begin PBXContainerItemProxy section */
		3D8DD91E2658C91C0037DCFB /* PBXContainerItemProxy */ = {
			isa = PBXContainerItemProxy;
			containerPortal = 3D8DD8FF2658C91A0037DCFB /* Project object */;
			proxyType = 1;
			remoteGlobalIDString = 3D8DD9062658C91A0037DCFB;
			remoteInfo = LearnSwiftUI;
		};
		3D8DD9292658C91C0037DCFB /* PBXContainerItemProxy */ = {
			isa = PBXContainerItemProxy;
			containerPortal = 3D8DD8FF2658C91A0037DCFB /* Project object */;
			proxyType = 1;
			remoteGlobalIDString = 3D8DD9062658C91A0037DCFB;
			remoteInfo = LearnSwiftUI;
		};
/* End PBXContainerItemProxy section */

/* Begin PBXFileReference section */
		3D044A4C265A0F6F0022E1AC /* CircleImage.swift */ = {isa = PBXFileReference; lastKnownFileType = sourcecode.swift; path = CircleImage.swift; sourceTree = "<group>"; };
		3D044A51265A24070022E1AC /* MapView.swift */ = {isa = PBXFileReference; lastKnownFileType = sourcecode.swift; path = MapView.swift; sourceTree = "<group>"; };
		3D044A56265A2B110022E1AC /* landmarkData.json */ = {isa = PBXFileReference; fileEncoding = 4; lastKnownFileType = text.json; path = landmarkData.json; sourceTree = "<group>"; };
		3D044A63265A2DF20022E1AC /* README.md */ = {isa = PBXFileReference; fileEncoding = 4; lastKnownFileType = net.daringfireball.markdown; name = README.md; path = ../README.md; sourceTree = "<group>"; };
		3D044A6A265A43A30022E1AC /* Landmark.swift */ = {isa = PBXFileReference; lastKnownFileType = sourcecode.swift; path = Landmark.swift; sourceTree = "<group>"; };
		3D2C96E72660BE5500BB3B08 /* HexagonParameters.swift */ = {isa = PBXFileReference; lastKnownFileType = sourcecode.swift; path = HexagonParameters.swift; sourceTree = "<group>"; };
		3D2C96EC2660BF5600BB3B08 /* BadgeBackground.swift */ = {isa = PBXFileReference; lastKnownFileType = sourcecode.swift; path = BadgeBackground.swift; sourceTree = "<group>"; };
		3D2C96F12661125700BB3B08 /* CustomHeaderView.swift */ = {isa = PBXFileReference; lastKnownFileType = sourcecode.swift; path = CustomHeaderView.swift; sourceTree = "<group>"; };
		3D2DD2DE265A513E00A3E668 /* LandmarkRow.swift */ = {isa = PBXFileReference; lastKnownFileType = sourcecode.swift; path = LandmarkRow.swift; sourceTree = "<group>"; };
		3D2DD2EC265A573B00A3E668 /* CombinedView.swift */ = {isa = PBXFileReference; lastKnownFileType = sourcecode.swift; path = CombinedView.swift; sourceTree = "<group>"; };
		3D2DD2F1265A592700A3E668 /* LandMarkList.swift */ = {isa = PBXFileReference; lastKnownFileType = sourcecode.swift; path = LandMarkList.swift; sourceTree = "<group>"; };
		3D2DD2F6265A5B3600A3E668 /* LandmarkDetail.swift */ = {isa = PBXFileReference; lastKnownFileType = sourcecode.swift; path = LandmarkDetail.swift; sourceTree = "<group>"; };
		3D8DD9072658C91A0037DCFB /* LearnSwiftUI.app */ = {isa = PBXFileReference; explicitFileType = wrapper.application; includeInIndex = 0; path = LearnSwiftUI.app; sourceTree = BUILT_PRODUCTS_DIR; };
		3D8DD90A2658C91A0037DCFB /* LearnSwiftUIApp.swift */ = {isa = PBXFileReference; lastKnownFileType = sourcecode.swift; path = LearnSwiftUIApp.swift; sourceTree = "<group>"; };
		3D8DD90C2658C91A0037DCFB /* ContentView.swift */ = {isa = PBXFileReference; lastKnownFileType = sourcecode.swift; path = ContentView.swift; sourceTree = "<group>"; };
		3D8DD90E2658C91B0037DCFB /* Assets.xcassets */ = {isa = PBXFileReference; lastKnownFileType = folder.assetcatalog; path = Assets.xcassets; sourceTree = "<group>"; };
		3D8DD9112658C91B0037DCFB /* Preview Assets.xcassets */ = {isa = PBXFileReference; lastKnownFileType = folder.assetcatalog; path = "Preview Assets.xcassets"; sourceTree = "<group>"; };
		3D8DD9132658C91B0037DCFB /* Persistence.swift */ = {isa = PBXFileReference; lastKnownFileType = sourcecode.swift; path = Persistence.swift; sourceTree = "<group>"; };
		3D8DD9162658C91B0037DCFB /* LearnSwiftUI.xcdatamodel */ = {isa = PBXFileReference; lastKnownFileType = wrapper.xcdatamodel; path = LearnSwiftUI.xcdatamodel; sourceTree = "<group>"; };
		3D8DD9182658C91B0037DCFB /* Info.plist */ = {isa = PBXFileReference; lastKnownFileType = text.plist.xml; path = Info.plist; sourceTree = "<group>"; };
		3D8DD91D2658C91C0037DCFB /* LearnSwiftUITests.xctest */ = {isa = PBXFileReference; explicitFileType = wrapper.cfbundle; includeInIndex = 0; path = LearnSwiftUITests.xctest; sourceTree = BUILT_PRODUCTS_DIR; };
		3D8DD9212658C91C0037DCFB /* LearnSwiftUITests.swift */ = {isa = PBXFileReference; lastKnownFileType = sourcecode.swift; path = LearnSwiftUITests.swift; sourceTree = "<group>"; };
		3D8DD9232658C91C0037DCFB /* Info.plist */ = {isa = PBXFileReference; lastKnownFileType = text.plist.xml; path = Info.plist; sourceTree = "<group>"; };
		3D8DD9282658C91C0037DCFB /* LearnSwiftUIUITests.xctest */ = {isa = PBXFileReference; explicitFileType = wrapper.cfbundle; includeInIndex = 0; path = LearnSwiftUIUITests.xctest; sourceTree = BUILT_PRODUCTS_DIR; };
		3D8DD92C2658C91C0037DCFB /* LearnSwiftUIUITests.swift */ = {isa = PBXFileReference; lastKnownFileType = sourcecode.swift; path = LearnSwiftUIUITests.swift; sourceTree = "<group>"; };
		3D8DD92E2658C91C0037DCFB /* Info.plist */ = {isa = PBXFileReference; lastKnownFileType = text.plist.xml; path = Info.plist; sourceTree = "<group>"; };
		3D8DD93D2658C9A90037DCFB /* Item+CoreDataClass.swift */ = {isa = PBXFileReference; lastKnownFileType = sourcecode.swift; path = "Item+CoreDataClass.swift"; sourceTree = "<group>"; };
		3D8DD93E2658C9A90037DCFB /* Item+CoreDataProperties.swift */ = {isa = PBXFileReference; lastKnownFileType = sourcecode.swift; path = "Item+CoreDataProperties.swift"; sourceTree = "<group>"; };
		3D90C42C265DF02F00667677 /* FavoriteButton.swift */ = {isa = PBXFileReference; lastKnownFileType = sourcecode.swift; path = FavoriteButton.swift; sourceTree = "<group>"; };
		3D98073326709D9200064C91 /* SAPLogo.swift */ = {isa = PBXFileReference; lastKnownFileType = sourcecode.swift; path = SAPLogo.swift; sourceTree = "<group>"; };
		3DAE0E87267E3C7D00EB9176 /* SAP_Logo.gif */ = {isa = PBXFileReference; lastKnownFileType = image.gif; path = SAP_Logo.gif; sourceTree = "<group>"; };
		3DAE0E88267E3C7D00EB9176 /* circle_loading.gif */ = {isa = PBXFileReference; lastKnownFileType = image.gif; path = circle_loading.gif; sourceTree = "<group>"; };
		3DAE0E89267E3C7D00EB9176 /* circle_wave_animation.gif */ = {isa = PBXFileReference; lastKnownFileType = image.gif; path = circle_wave_animation.gif; sourceTree = "<group>"; };
		3DF593B8267502A6001729A3 /* CircleLoadingAnimation.swift */ = {isa = PBXFileReference; lastKnownFileType = sourcecode.swift; path = CircleLoadingAnimation.swift; sourceTree = "<group>"; };
		3DF593BD267507A6001729A3 /* CircleWaveAnimation.swift */ = {isa = PBXFileReference; lastKnownFileType = sourcecode.swift; path = CircleWaveAnimation.swift; sourceTree = "<group>"; };
		3DF593C226751CA2001729A3 /* CatalogHome.swift */ = {isa = PBXFileReference; lastKnownFileType = sourcecode.swift; path = CatalogHome.swift; sourceTree = "<group>"; };
/* End PBXFileReference section */

/* Begin PBXFrameworksBuildPhase section */
		3D8DD9042658C91A0037DCFB /* Frameworks */ = {
			isa = PBXFrameworksBuildPhase;
			buildActionMask = 2147483647;
			files = (
			);
			runOnlyForDeploymentPostprocessing = 0;
		};
		3D8DD91A2658C91C0037DCFB /* Frameworks */ = {
			isa = PBXFrameworksBuildPhase;
			buildActionMask = 2147483647;
			files = (
			);
			runOnlyForDeploymentPostprocessing = 0;
		};
		3D8DD9252658C91C0037DCFB /* Frameworks */ = {
			isa = PBXFrameworksBuildPhase;
			buildActionMask = 2147483647;
			files = (
			);
			runOnlyForDeploymentPostprocessing = 0;
		};
/* End PBXFrameworksBuildPhase section */

/* Begin PBXGroup section */
		3D044A68265A2E000022E1AC /* Custom Views */ = {
			isa = PBXGroup;
			children = (
				3D044A4C265A0F6F0022E1AC /* CircleImage.swift */,
				3D044A51265A24070022E1AC /* MapView.swift */,
				3D90C42C265DF02F00667677 /* FavoriteButton.swift */,
				3D2C96EC2660BF5600BB3B08 /* BadgeBackground.swift */,
				3D2C96F12661125700BB3B08 /* CustomHeaderView.swift */,
			);
			path = "Custom Views";
			sourceTree = "<group>";
		};
		3D044A69265A2E120022E1AC /* Resources */ = {
			isa = PBXGroup;
			children = (
				3D044A56265A2B110022E1AC /* landmarkData.json */,
			);
			path = Resources;
			sourceTree = "<group>";
		};
		3D2DD2DD265A50EB00A3E668 /* Models */ = {
			isa = PBXGroup;
			children = (
				3D044A6A265A43A30022E1AC /* Landmark.swift */,
			);
			path = Models;
			sourceTree = "<group>";
		};
		3D8DD8FE2658C91A0037DCFB = {
			isa = PBXGroup;
			children = (
				3D044A63265A2DF20022E1AC /* README.md */,
				3D8DD9092658C91A0037DCFB /* LearnSwiftUI */,
				3D8DD9202658C91C0037DCFB /* LearnSwiftUITests */,
				3D8DD92B2658C91C0037DCFB /* LearnSwiftUIUITests */,
				3D8DD9082658C91A0037DCFB /* Products */,
			);
			sourceTree = "<group>";
		};
		3D8DD9082658C91A0037DCFB /* Products */ = {
			isa = PBXGroup;
			children = (
				3D8DD9072658C91A0037DCFB /* LearnSwiftUI.app */,
				3D8DD91D2658C91C0037DCFB /* LearnSwiftUITests.xctest */,
				3D8DD9282658C91C0037DCFB /* LearnSwiftUIUITests.xctest */,
			);
			name = Products;
			sourceTree = "<group>";
		};
		3D8DD9092658C91A0037DCFB /* LearnSwiftUI */ = {
			isa = PBXGroup;
			children = (
				3DAE0E86267E3C6100EB9176 /* Demo_Content */,
				3D98073226709D7C00064C91 /* Learning */,
				3D90C433265DF17E00667677 /* Views */,
				3D90C432265DF16100667677 /* Landmarks */,
				3D2DD2DD265A50EB00A3E668 /* Models */,
				3D044A69265A2E120022E1AC /* Resources */,
				3D044A68265A2E000022E1AC /* Custom Views */,
				3D8DD9442658C9B30037DCFB /* ManagedObject-Models */,
				3D8DD90C2658C91A0037DCFB /* ContentView.swift */,
				3D8DD90E2658C91B0037DCFB /* Assets.xcassets */,
				3D8DD9132658C91B0037DCFB /* Persistence.swift */,
				3D8DD9182658C91B0037DCFB /* Info.plist */,
				3D8DD9102658C91B0037DCFB /* Preview Content */,
			);
			path = LearnSwiftUI;
			sourceTree = "<group>";
		};
		3D8DD9102658C91B0037DCFB /* Preview Content */ = {
			isa = PBXGroup;
			children = (
				3D8DD9112658C91B0037DCFB /* Preview Assets.xcassets */,
			);
			path = "Preview Content";
			sourceTree = "<group>";
		};
		3D8DD9202658C91C0037DCFB /* LearnSwiftUITests */ = {
			isa = PBXGroup;
			children = (
				3D8DD9212658C91C0037DCFB /* LearnSwiftUITests.swift */,
				3D8DD9232658C91C0037DCFB /* Info.plist */,
			);
			path = LearnSwiftUITests;
			sourceTree = "<group>";
		};
		3D8DD92B2658C91C0037DCFB /* LearnSwiftUIUITests */ = {
			isa = PBXGroup;
			children = (
				3D8DD92C2658C91C0037DCFB /* LearnSwiftUIUITests.swift */,
				3D8DD92E2658C91C0037DCFB /* Info.plist */,
			);
			path = LearnSwiftUIUITests;
			sourceTree = "<group>";
		};
		3D8DD9442658C9B30037DCFB /* ManagedObject-Models */ = {
			isa = PBXGroup;
			children = (
				3D8DD9152658C91B0037DCFB /* LearnSwiftUI.xcdatamodeld */,
				3D8DD93D2658C9A90037DCFB /* Item+CoreDataClass.swift */,
				3D8DD93E2658C9A90037DCFB /* Item+CoreDataProperties.swift */,
			);
			path = "ManagedObject-Models";
			sourceTree = "<group>";
		};
		3D90C432265DF16100667677 /* Landmarks */ = {
			isa = PBXGroup;
			children = (
				3D2DD2DE265A513E00A3E668 /* LandmarkRow.swift */,
				3D2DD2F1265A592700A3E668 /* LandMarkList.swift */,
				3D2DD2F6265A5B3600A3E668 /* LandmarkDetail.swift */,
				3D2C96E72660BE5500BB3B08 /* HexagonParameters.swift */,
			);
			path = Landmarks;
			sourceTree = "<group>";
		};
		3D90C433265DF17E00667677 /* Views */ = {
			isa = PBXGroup;
			children = (
				3D8DD90A2658C91A0037DCFB /* LearnSwiftUIApp.swift */,
				3D2DD2EC265A573B00A3E668 /* CombinedView.swift */,
			);
			path = Views;
			sourceTree = "<group>";
		};
		3D98073226709D7C00064C91 /* Learning */ = {
			isa = PBXGroup;
			children = (
				3D98073326709D9200064C91 /* SAPLogo.swift */,
				3DF593B8267502A6001729A3 /* CircleLoadingAnimation.swift */,
				3DF593BD267507A6001729A3 /* CircleWaveAnimation.swift */,
				3DF593C226751CA2001729A3 /* CatalogHome.swift */,
			);
			path = Learning;
			sourceTree = "<group>";
		};
		3DAE0E86267E3C6100EB9176 /* Demo_Content */ = {
			isa = PBXGroup;
			children = (
				3DAE0E88267E3C7D00EB9176 /* circle_loading.gif */,
				3DAE0E89267E3C7D00EB9176 /* circle_wave_animation.gif */,
				3DAE0E87267E3C7D00EB9176 /* SAP_Logo.gif */,
			);
			path = Demo_Content;
			sourceTree = "<group>";
		};
/* End PBXGroup section */

/* Begin PBXNativeTarget section */
		3D8DD9062658C91A0037DCFB /* LearnSwiftUI */ = {
			isa = PBXNativeTarget;
			buildConfigurationList = 3D8DD9312658C91C0037DCFB /* Build configuration list for PBXNativeTarget "LearnSwiftUI" */;
			buildPhases = (
				3D8DD9032658C91A0037DCFB /* Sources */,
				3D8DD9042658C91A0037DCFB /* Frameworks */,
				3D8DD9052658C91A0037DCFB /* Resources */,
			);
			buildRules = (
			);
			dependencies = (
			);
			name = LearnSwiftUI;
			productName = LearnSwiftUI;
			productReference = 3D8DD9072658C91A0037DCFB /* LearnSwiftUI.app */;
			productType = "com.apple.product-type.application";
		};
		3D8DD91C2658C91C0037DCFB /* LearnSwiftUITests */ = {
			isa = PBXNativeTarget;
			buildConfigurationList = 3D8DD9342658C91C0037DCFB /* Build configuration list for PBXNativeTarget "LearnSwiftUITests" */;
			buildPhases = (
				3D8DD9192658C91C0037DCFB /* Sources */,
				3D8DD91A2658C91C0037DCFB /* Frameworks */,
				3D8DD91B2658C91C0037DCFB /* Resources */,
			);
			buildRules = (
			);
			dependencies = (
				3D8DD91F2658C91C0037DCFB /* PBXTargetDependency */,
			);
			name = LearnSwiftUITests;
			productName = LearnSwiftUITests;
			productReference = 3D8DD91D2658C91C0037DCFB /* LearnSwiftUITests.xctest */;
			productType = "com.apple.product-type.bundle.unit-test";
		};
		3D8DD9272658C91C0037DCFB /* LearnSwiftUIUITests */ = {
			isa = PBXNativeTarget;
			buildConfigurationList = 3D8DD9372658C91C0037DCFB /* Build configuration list for PBXNativeTarget "LearnSwiftUIUITests" */;
			buildPhases = (
				3D8DD9242658C91C0037DCFB /* Sources */,
				3D8DD9252658C91C0037DCFB /* Frameworks */,
				3D8DD9262658C91C0037DCFB /* Resources */,
			);
			buildRules = (
			);
			dependencies = (
				3D8DD92A2658C91C0037DCFB /* PBXTargetDependency */,
			);
			name = LearnSwiftUIUITests;
			productName = LearnSwiftUIUITests;
			productReference = 3D8DD9282658C91C0037DCFB /* LearnSwiftUIUITests.xctest */;
			productType = "com.apple.product-type.bundle.ui-testing";
		};
/* End PBXNativeTarget section */

/* Begin PBXProject section */
		3D8DD8FF2658C91A0037DCFB /* Project object */ = {
			isa = PBXProject;
			attributes = {
				LastSwiftUpdateCheck = 1200;
				LastUpgradeCheck = 1200;
				TargetAttributes = {
					3D8DD9062658C91A0037DCFB = {
						CreatedOnToolsVersion = 12.0.1;
					};
					3D8DD91C2658C91C0037DCFB = {
						CreatedOnToolsVersion = 12.0.1;
						TestTargetID = 3D8DD9062658C91A0037DCFB;
					};
					3D8DD9272658C91C0037DCFB = {
						CreatedOnToolsVersion = 12.0.1;
						TestTargetID = 3D8DD9062658C91A0037DCFB;
					};
				};
			};
			buildConfigurationList = 3D8DD9022658C91A0037DCFB /* Build configuration list for PBXProject "LearnSwiftUI" */;
			compatibilityVersion = "Xcode 9.3";
			developmentRegion = en;
			hasScannedForEncodings = 0;
			knownRegions = (
				en,
				Base,
			);
			mainGroup = 3D8DD8FE2658C91A0037DCFB;
			productRefGroup = 3D8DD9082658C91A0037DCFB /* Products */;
			projectDirPath = "";
			projectRoot = "";
			targets = (
				3D8DD9062658C91A0037DCFB /* LearnSwiftUI */,
				3D8DD91C2658C91C0037DCFB /* LearnSwiftUITests */,
				3D8DD9272658C91C0037DCFB /* LearnSwiftUIUITests */,
			);
		};
/* End PBXProject section */

/* Begin PBXResourcesBuildPhase section */
		3D8DD9052658C91A0037DCFB /* Resources */ = {
			isa = PBXResourcesBuildPhase;
			buildActionMask = 2147483647;
			files = (
				3D8DD9122658C91B0037DCFB /* Preview Assets.xcassets in Resources */,
				3D8DD90F2658C91B0037DCFB /* Assets.xcassets in Resources */,
				3D044A64265A2DF20022E1AC /* README.md in Resources */,
				3DAE0E8B267E3C7D00EB9176 /* circle_loading.gif in Resources */,
				3D044A57265A2B110022E1AC /* landmarkData.json in Resources */,
				3DAE0E8A267E3C7D00EB9176 /* SAP_Logo.gif in Resources */,
				3DAE0E8C267E3C7D00EB9176 /* circle_wave_animation.gif in Resources */,
			);
			runOnlyForDeploymentPostprocessing = 0;
		};
		3D8DD91B2658C91C0037DCFB /* Resources */ = {
			isa = PBXResourcesBuildPhase;
			buildActionMask = 2147483647;
			files = (
			);
			runOnlyForDeploymentPostprocessing = 0;
		};
		3D8DD9262658C91C0037DCFB /* Resources */ = {
			isa = PBXResourcesBuildPhase;
			buildActionMask = 2147483647;
			files = (
			);
			runOnlyForDeploymentPostprocessing = 0;
		};
/* End PBXResourcesBuildPhase section */

/* Begin PBXSourcesBuildPhase section */
		3D8DD9032658C91A0037DCFB /* Sources */ = {
			isa = PBXSourcesBuildPhase;
			buildActionMask = 2147483647;
			files = (
				3D2C96E82660BE5500BB3B08 /* HexagonParameters.swift in Sources */,
				3D8DD9402658C9A90037DCFB /* Item+CoreDataProperties.swift in Sources */,
				3D044A52265A24070022E1AC /* MapView.swift in Sources */,
				3D2C96ED2660BF5600BB3B08 /* BadgeBackground.swift in Sources */,
				3D8DD93F2658C9A90037DCFB /* Item+CoreDataClass.swift in Sources */,
				3D8DD9142658C91B0037DCFB /* Persistence.swift in Sources */,
				3D2C96F22661125700BB3B08 /* CustomHeaderView.swift in Sources */,
				3D98073426709D9200064C91 /* SAPLogo.swift in Sources */,
				3D044A4D265A0F6F0022E1AC /* CircleImage.swift in Sources */,
				3D044A6B265A43A30022E1AC /* Landmark.swift in Sources */,
				3D8DD90D2658C91A0037DCFB /* ContentView.swift in Sources */,
				3D2DD2F7265A5B3600A3E668 /* LandmarkDetail.swift in Sources */,
				3D2DD2F2265A592700A3E668 /* LandMarkList.swift in Sources */,
				3DF593C326751CA2001729A3 /* CatalogHome.swift in Sources */,
				3D8DD9172658C91B0037DCFB /* LearnSwiftUI.xcdatamodeld in Sources */,
				3D2DD2ED265A573B00A3E668 /* CombinedView.swift in Sources */,
				3D90C42D265DF02F00667677 /* FavoriteButton.swift in Sources */,
				3D2DD2DF265A513E00A3E668 /* LandmarkRow.swift in Sources */,
				3DF593BE267507A6001729A3 /* CircleWaveAnimation.swift in Sources */,
				3DF593B9267502A6001729A3 /* CircleLoadingAnimation.swift in Sources */,
				3D8DD90B2658C91A0037DCFB /* LearnSwiftUIApp.swift in Sources */,
			);
			runOnlyForDeploymentPostprocessing = 0;
		};
		3D8DD9192658C91C0037DCFB /* Sources */ = {
			isa = PBXSourcesBuildPhase;
			buildActionMask = 2147483647;
			files = (
				3D8DD9222658C91C0037DCFB /* LearnSwiftUITests.swift in Sources */,
			);
			runOnlyForDeploymentPostprocessing = 0;
		};
		3D8DD9242658C91C0037DCFB /* Sources */ = {
			isa = PBXSourcesBuildPhase;
			buildActionMask = 2147483647;
			files = (
				3D8DD92D2658C91C0037DCFB /* LearnSwiftUIUITests.swift in Sources */,
			);
			runOnlyForDeploymentPostprocessing = 0;
		};
/* End PBXSourcesBuildPhase section */

/* Begin PBXTargetDependency section */
		3D8DD91F2658C91C0037DCFB /* PBXTargetDependency */ = {
			isa = PBXTargetDependency;
			target = 3D8DD9062658C91A0037DCFB /* LearnSwiftUI */;
			targetProxy = 3D8DD91E2658C91C0037DCFB /* PBXContainerItemProxy */;
		};
		3D8DD92A2658C91C0037DCFB /* PBXTargetDependency */ = {
			isa = PBXTargetDependency;
			target = 3D8DD9062658C91A0037DCFB /* LearnSwiftUI */;
			targetProxy = 3D8DD9292658C91C0037DCFB /* PBXContainerItemProxy */;
		};
/* End PBXTargetDependency section */

/* Begin XCBuildConfiguration section */
		3D8DD92F2658C91C0037DCFB /* Debug */ = {
			isa = XCBuildConfiguration;
			buildSettings = {
				ALWAYS_SEARCH_USER_PATHS = NO;
				CLANG_ANALYZER_NONNULL = YES;
				CLANG_ANALYZER_NUMBER_OBJECT_CONVERSION = YES_AGGRESSIVE;
				CLANG_CXX_LANGUAGE_STANDARD = "gnu++14";
				CLANG_CXX_LIBRARY = "libc++";
				CLANG_ENABLE_MODULES = YES;
				CLANG_ENABLE_OBJC_ARC = YES;
				CLANG_ENABLE_OBJC_WEAK = YES;
				CLANG_WARN_BLOCK_CAPTURE_AUTORELEASING = YES;
				CLANG_WARN_BOOL_CONVERSION = YES;
				CLANG_WARN_COMMA = YES;
				CLANG_WARN_CONSTANT_CONVERSION = YES;
				CLANG_WARN_DEPRECATED_OBJC_IMPLEMENTATIONS = YES;
				CLANG_WARN_DIRECT_OBJC_ISA_USAGE = YES_ERROR;
				CLANG_WARN_DOCUMENTATION_COMMENTS = YES;
				CLANG_WARN_EMPTY_BODY = YES;
				CLANG_WARN_ENUM_CONVERSION = YES;
				CLANG_WARN_INFINITE_RECURSION = YES;
				CLANG_WARN_INT_CONVERSION = YES;
				CLANG_WARN_NON_LITERAL_NULL_CONVERSION = YES;
				CLANG_WARN_OBJC_IMPLICIT_RETAIN_SELF = YES;
				CLANG_WARN_OBJC_LITERAL_CONVERSION = YES;
				CLANG_WARN_OBJC_ROOT_CLASS = YES_ERROR;
				CLANG_WARN_QUOTED_INCLUDE_IN_FRAMEWORK_HEADER = YES;
				CLANG_WARN_RANGE_LOOP_ANALYSIS = YES;
				CLANG_WARN_STRICT_PROTOTYPES = YES;
				CLANG_WARN_SUSPICIOUS_MOVE = YES;
				CLANG_WARN_UNGUARDED_AVAILABILITY = YES_AGGRESSIVE;
				CLANG_WARN_UNREACHABLE_CODE = YES;
				CLANG_WARN__DUPLICATE_METHOD_MATCH = YES;
				COPY_PHASE_STRIP = NO;
				DEBUG_INFORMATION_FORMAT = dwarf;
				ENABLE_STRICT_OBJC_MSGSEND = YES;
				ENABLE_TESTABILITY = YES;
				GCC_C_LANGUAGE_STANDARD = gnu11;
				GCC_DYNAMIC_NO_PIC = NO;
				GCC_NO_COMMON_BLOCKS = YES;
				GCC_OPTIMIZATION_LEVEL = 0;
				GCC_PREPROCESSOR_DEFINITIONS = (
					"DEBUG=1",
					"$(inherited)",
				);
				GCC_WARN_64_TO_32_BIT_CONVERSION = YES;
				GCC_WARN_ABOUT_RETURN_TYPE = YES_ERROR;
				GCC_WARN_UNDECLARED_SELECTOR = YES;
				GCC_WARN_UNINITIALIZED_AUTOS = YES_AGGRESSIVE;
				GCC_WARN_UNUSED_FUNCTION = YES;
				GCC_WARN_UNUSED_VARIABLE = YES;
				IPHONEOS_DEPLOYMENT_TARGET = 14.0;
				MTL_ENABLE_DEBUG_INFO = INCLUDE_SOURCE;
				MTL_FAST_MATH = YES;
				ONLY_ACTIVE_ARCH = YES;
				SDKROOT = iphoneos;
				SWIFT_ACTIVE_COMPILATION_CONDITIONS = DEBUG;
				SWIFT_OPTIMIZATION_LEVEL = "-Onone";
			};
			name = Debug;
		};
		3D8DD9302658C91C0037DCFB /* Release */ = {
			isa = XCBuildConfiguration;
			buildSettings = {
				ALWAYS_SEARCH_USER_PATHS = NO;
				CLANG_ANALYZER_NONNULL = YES;
				CLANG_ANALYZER_NUMBER_OBJECT_CONVERSION = YES_AGGRESSIVE;
				CLANG_CXX_LANGUAGE_STANDARD = "gnu++14";
				CLANG_CXX_LIBRARY = "libc++";
				CLANG_ENABLE_MODULES = YES;
				CLANG_ENABLE_OBJC_ARC = YES;
				CLANG_ENABLE_OBJC_WEAK = YES;
				CLANG_WARN_BLOCK_CAPTURE_AUTORELEASING = YES;
				CLANG_WARN_BOOL_CONVERSION = YES;
				CLANG_WARN_COMMA = YES;
				CLANG_WARN_CONSTANT_CONVERSION = YES;
				CLANG_WARN_DEPRECATED_OBJC_IMPLEMENTATIONS = YES;
				CLANG_WARN_DIRECT_OBJC_ISA_USAGE = YES_ERROR;
				CLANG_WARN_DOCUMENTATION_COMMENTS = YES;
				CLANG_WARN_EMPTY_BODY = YES;
				CLANG_WARN_ENUM_CONVERSION = YES;
				CLANG_WARN_INFINITE_RECURSION = YES;
				CLANG_WARN_INT_CONVERSION = YES;
				CLANG_WARN_NON_LITERAL_NULL_CONVERSION = YES;
				CLANG_WARN_OBJC_IMPLICIT_RETAIN_SELF = YES;
				CLANG_WARN_OBJC_LITERAL_CONVERSION = YES;
				CLANG_WARN_OBJC_ROOT_CLASS = YES_ERROR;
				CLANG_WARN_QUOTED_INCLUDE_IN_FRAMEWORK_HEADER = YES;
				CLANG_WARN_RANGE_LOOP_ANALYSIS = YES;
				CLANG_WARN_STRICT_PROTOTYPES = YES;
				CLANG_WARN_SUSPICIOUS_MOVE = YES;
				CLANG_WARN_UNGUARDED_AVAILABILITY = YES_AGGRESSIVE;
				CLANG_WARN_UNREACHABLE_CODE = YES;
				CLANG_WARN__DUPLICATE_METHOD_MATCH = YES;
				COPY_PHASE_STRIP = NO;
				DEBUG_INFORMATION_FORMAT = "dwarf-with-dsym";
				ENABLE_NS_ASSERTIONS = NO;
				ENABLE_STRICT_OBJC_MSGSEND = YES;
				GCC_C_LANGUAGE_STANDARD = gnu11;
				GCC_NO_COMMON_BLOCKS = YES;
				GCC_WARN_64_TO_32_BIT_CONVERSION = YES;
				GCC_WARN_ABOUT_RETURN_TYPE = YES_ERROR;
				GCC_WARN_UNDECLARED_SELECTOR = YES;
				GCC_WARN_UNINITIALIZED_AUTOS = YES_AGGRESSIVE;
				GCC_WARN_UNUSED_FUNCTION = YES;
				GCC_WARN_UNUSED_VARIABLE = YES;
				IPHONEOS_DEPLOYMENT_TARGET = 14.0;
				MTL_ENABLE_DEBUG_INFO = NO;
				MTL_FAST_MATH = YES;
				SDKROOT = iphoneos;
				SWIFT_COMPILATION_MODE = wholemodule;
				SWIFT_OPTIMIZATION_LEVEL = "-O";
				VALIDATE_PRODUCT = YES;
			};
			name = Release;
		};
		3D8DD9322658C91C0037DCFB /* Debug */ = {
			isa = XCBuildConfiguration;
			buildSettings = {
				ASSETCATALOG_COMPILER_APPICON_NAME = AppIcon;
				ASSETCATALOG_COMPILER_GLOBAL_ACCENT_COLOR_NAME = AccentColor;
				CODE_SIGN_STYLE = Automatic;
				DEVELOPMENT_ASSET_PATHS = "\"LearnSwiftUI/Preview Content\"";
				DEVELOPMENT_TEAM = 2ULB89U5PD;
				ENABLE_PREVIEWS = YES;
				INFOPLIST_FILE = LearnSwiftUI/Info.plist;
				IPHONEOS_DEPLOYMENT_TARGET = 14.0;
				LD_RUNPATH_SEARCH_PATHS = (
					"$(inherited)",
					"@executable_path/Frameworks",
				);
				PRODUCT_BUNDLE_IDENTIFIER = com.vinay.LearnSwiftUI;
				PRODUCT_NAME = "$(TARGET_NAME)";
				SWIFT_VERSION = 5.0;
				TARGETED_DEVICE_FAMILY = "1,2";
			};
			name = Debug;
		};
		3D8DD9332658C91C0037DCFB /* Release */ = {
			isa = XCBuildConfiguration;
			buildSettings = {
				ASSETCATALOG_COMPILER_APPICON_NAME = AppIcon;
				ASSETCATALOG_COMPILER_GLOBAL_ACCENT_COLOR_NAME = AccentColor;
				CODE_SIGN_STYLE = Automatic;
				DEVELOPMENT_ASSET_PATHS = "\"LearnSwiftUI/Preview Content\"";
				DEVELOPMENT_TEAM = 2ULB89U5PD;
				ENABLE_PREVIEWS = YES;
				INFOPLIST_FILE = LearnSwiftUI/Info.plist;
				IPHONEOS_DEPLOYMENT_TARGET = 14.0;
				LD_RUNPATH_SEARCH_PATHS = (
					"$(inherited)",
					"@executable_path/Frameworks",
				);
				PRODUCT_BUNDLE_IDENTIFIER = com.vinay.LearnSwiftUI;
				PRODUCT_NAME = "$(TARGET_NAME)";
				SWIFT_VERSION = 5.0;
				TARGETED_DEVICE_FAMILY = "1,2";
			};
			name = Release;
		};
		3D8DD9352658C91C0037DCFB /* Debug */ = {
			isa = XCBuildConfiguration;
			buildSettings = {
				ALWAYS_EMBED_SWIFT_STANDARD_LIBRARIES = YES;
				BUNDLE_LOADER = "$(TEST_HOST)";
				CODE_SIGN_STYLE = Automatic;
				DEVELOPMENT_TEAM = 2ULB89U5PD;
				INFOPLIST_FILE = LearnSwiftUITests/Info.plist;
				IPHONEOS_DEPLOYMENT_TARGET = 14.0;
				LD_RUNPATH_SEARCH_PATHS = (
					"$(inherited)",
					"@executable_path/Frameworks",
					"@loader_path/Frameworks",
				);
				PRODUCT_BUNDLE_IDENTIFIER = com.vinay.LearnSwiftUITests;
				PRODUCT_NAME = "$(TARGET_NAME)";
				SWIFT_VERSION = 5.0;
				TARGETED_DEVICE_FAMILY = "1,2";
				TEST_HOST = "$(BUILT_PRODUCTS_DIR)/LearnSwiftUI.app/LearnSwiftUI";
			};
			name = Debug;
		};
		3D8DD9362658C91C0037DCFB /* Release */ = {
			isa = XCBuildConfiguration;
			buildSettings = {
				ALWAYS_EMBED_SWIFT_STANDARD_LIBRARIES = YES;
				BUNDLE_LOADER = "$(TEST_HOST)";
				CODE_SIGN_STYLE = Automatic;
				DEVELOPMENT_TEAM = 2ULB89U5PD;
				INFOPLIST_FILE = LearnSwiftUITests/Info.plist;
				IPHONEOS_DEPLOYMENT_TARGET = 14.0;
				LD_RUNPATH_SEARCH_PATHS = (
					"$(inherited)",
					"@executable_path/Frameworks",
					"@loader_path/Frameworks",
				);
				PRODUCT_BUNDLE_IDENTIFIER = com.vinay.LearnSwiftUITests;
				PRODUCT_NAME = "$(TARGET_NAME)";
				SWIFT_VERSION = 5.0;
				TARGETED_DEVICE_FAMILY = "1,2";
				TEST_HOST = "$(BUILT_PRODUCTS_DIR)/LearnSwiftUI.app/LearnSwiftUI";
			};
			name = Release;
		};
		3D8DD9382658C91C0037DCFB /* Debug */ = {
			isa = XCBuildConfiguration;
			buildSettings = {
				ALWAYS_EMBED_SWIFT_STANDARD_LIBRARIES = YES;
				CODE_SIGN_STYLE = Automatic;
				DEVELOPMENT_TEAM = 2ULB89U5PD;
				INFOPLIST_FILE = LearnSwiftUIUITests/Info.plist;
				LD_RUNPATH_SEARCH_PATHS = (
					"$(inherited)",
					"@executable_path/Frameworks",
					"@loader_path/Frameworks",
				);
				PRODUCT_BUNDLE_IDENTIFIER = com.vinay.LearnSwiftUIUITests;
				PRODUCT_NAME = "$(TARGET_NAME)";
				SWIFT_VERSION = 5.0;
				TARGETED_DEVICE_FAMILY = "1,2";
				TEST_TARGET_NAME = LearnSwiftUI;
			};
			name = Debug;
		};
		3D8DD9392658C91C0037DCFB /* Release */ = {
			isa = XCBuildConfiguration;
			buildSettings = {
				ALWAYS_EMBED_SWIFT_STANDARD_LIBRARIES = YES;
				CODE_SIGN_STYLE = Automatic;
				DEVELOPMENT_TEAM = 2ULB89U5PD;
				INFOPLIST_FILE = LearnSwiftUIUITests/Info.plist;
				LD_RUNPATH_SEARCH_PATHS = (
					"$(inherited)",
					"@executable_path/Frameworks",
					"@loader_path/Frameworks",
				);
				PRODUCT_BUNDLE_IDENTIFIER = com.vinay.LearnSwiftUIUITests;
				PRODUCT_NAME = "$(TARGET_NAME)";
				SWIFT_VERSION = 5.0;
				TARGETED_DEVICE_FAMILY = "1,2";
				TEST_TARGET_NAME = LearnSwiftUI;
			};
			name = Release;
		};
/* End XCBuildConfiguration section */

/* Begin XCConfigurationList section */
		3D8DD9022658C91A0037DCFB /* Build configuration list for PBXProject "LearnSwiftUI" */ = {
			isa = XCConfigurationList;
			buildConfigurations = (
				3D8DD92F2658C91C0037DCFB /* Debug */,
				3D8DD9302658C91C0037DCFB /* Release */,
			);
			defaultConfigurationIsVisible = 0;
			defaultConfigurationName = Release;
		};
		3D8DD9312658C91C0037DCFB /* Build configuration list for PBXNativeTarget "LearnSwiftUI" */ = {
			isa = XCConfigurationList;
			buildConfigurations = (
				3D8DD9322658C91C0037DCFB /* Debug */,
				3D8DD9332658C91C0037DCFB /* Release */,
			);
			defaultConfigurationIsVisible = 0;
			defaultConfigurationName = Release;
		};
		3D8DD9342658C91C0037DCFB /* Build configuration list for PBXNativeTarget "LearnSwiftUITests" */ = {
			isa = XCConfigurationList;
			buildConfigurations = (
				3D8DD9352658C91C0037DCFB /* Debug */,
				3D8DD9362658C91C0037DCFB /* Release */,
			);
			defaultConfigurationIsVisible = 0;
			defaultConfigurationName = Release;
		};
		3D8DD9372658C91C0037DCFB /* Build configuration list for PBXNativeTarget "LearnSwiftUIUITests" */ = {
			isa = XCConfigurationList;
			buildConfigurations = (
				3D8DD9382658C91C0037DCFB /* Debug */,
				3D8DD9392658C91C0037DCFB /* Release */,
			);
			defaultConfigurationIsVisible = 0;
			defaultConfigurationName = Release;
		};
/* End XCConfigurationList section */

/* Begin XCVersionGroup section */
		3D8DD9152658C91B0037DCFB /* LearnSwiftUI.xcdatamodeld */ = {
			isa = XCVersionGroup;
			children = (
				3D8DD9162658C91B0037DCFB /* LearnSwiftUI.xcdatamodel */,
			);
			currentVersion = 3D8DD9162658C91B0037DCFB /* LearnSwiftUI.xcdatamodel */;
			path = LearnSwiftUI.xcdatamodeld;
			sourceTree = "<group>";
			versionGroupType = wrapper.xcdatamodel;
		};
/* End XCVersionGroup section */
	};
	rootObject = 3D8DD8FF2658C91A0037DCFB /* Project object */;
}
